
Microsoft Visual Studio Solution File, Format Version 12.00
Project("{FAE04EC0-301F-11D3-BF4B-00C04F79EFBC}") = "InfiniteScrollViewer", "InfiniteScrollViewer\InfiniteScrollViewer.csproj", "{00857FD4-3FC7-4973-933C-85DE3A413C4A}"
EndProject
Project("{FAE04EC0-301F-11D3-BF4B-00C04F79EFBC}") = "Example", "Example\Example.csproj", "{98B832E7-667A-4B14-99EA-3B51A65838D2}"
EndProject
Global
	GlobalSection(SolutionConfigurationPlatforms) = preSolution
		Debug|Any CPU = Debug|Any CPU
		Release|Any CPU = Release|Any CPU
	EndGlobalSection
	GlobalSection(ProjectConfigurationPlatforms) = postSolution
		{00857FD4-3FC7-4973-933C-85DE3A413C4A}.Debug|Any CPU.ActiveCfg = Debug|Any CPU
		{00857FD4-3FC7-4973-933C-85DE3A413C4A}.Debug|Any CPU.Build.0 = Debug|Any CPU
		{00857FD4-3FC7-4973-933C-85DE3A413C4A}.Release|Any CPU.ActiveCfg = Release|Any CPU
		{00857FD4-3FC7-4973-933C-85DE3A413C4A}.Release|Any CPU.Build.0 = Release|Any CPU
		{98B832E7-667A-4B14-99EA-3B51A65838D2}.Debug|Any CPU.ActiveCfg = Debug|Any CPU
		{98B832E7-667A-4B14-99EA-3B51A65838D2}.Debug|Any CPU.Build.0 = Debug|Any CPU
		{98B832E7-667A-4B14-99EA-3B51A65838D2}.Release|Any CPU.ActiveCfg = Release|Any CPU
		{98B832E7-667A-4B14-99EA-3B51A65838D2}.Release|Any CPU.Build.0 = Release|Any CPU
	EndGlobalSection
EndGlobal
